
Microsoft Visual Studio Solution File, Format Version 12.00
# Visual Studio Version 16
VisualStudioVersion = 16.0.32228.343
MinimumVisualStudioVersion = 10.0.40219.1
Project("{8BC9CEB8-8B4A-11D0-8D11-00A0C91BC942}") = "patterngenerator", "patterngenerator.vcxproj", "{FE1D8710-F58C-4901-A32A-E22D5F97A477}"
EndProject
Global
	GlobalSection(SolutionConfigurationPlatforms) = preSolution
		Debug|x64 = Debug|x64
		Debug|x86 = Debug|x86
		Release|x64 = Release|x64
		Release|x86 = Release|x86
	EndGlobalSection
	GlobalSection(ProjectConfigurationPlatforms) = postSolution
		{FE1D8710-F58C-4901-A32A-E22D5F97A477}.Debug|x64.ActiveCfg = Debug|x64
		{FE1D8710-F58C-4901-A32A-E22D5F97A477}.Debug|x64.Build.0 = Debug|x64
		{FE1D8710-F58C-4901-A32A-E22D5F97A477}.Debug|x86.ActiveCfg = Debug|Win32
		{FE1D8710-F58C-4901-A32A-E22D5F97A477}.Debug|x86.Build.0 = Debug|Win32
		{FE1D8710-F58C-4901-A32A-E22D5F97A477}.Release|x64.ActiveCfg = Release|x64
		{FE1D8710-F58C-4901-A32A-E22D5F97A477}.Release|x64.Build.0 = Release|x64
		{FE1D8710-F58C-4901-A32A-E22D5F97A477}.Release|x86.ActiveCfg = Release|Win32
		{FE1D8710-F58C-4901-A32A-E22D5F97A477}.Release|x86.Build.0 = Release|Win32
	EndGlobalSection
	GlobalSection(SolutionProperties) = preSolution
		HideSolutionNode = FALSE
	EndGlobalSection
	GlobalSection(ExtensibilityGlobals) = postSolution
		SolutionGuid = {E9FF26D2-42E1-47A8-AB23-8FEE0FF34068}
	EndGlobalSection
EndGlobal
